
Microsoft Visual Studio Solution File, Format Version 12.00
# Visual Studio Version 17
VisualStudioVersion = 17.12.35506.116 d17.12
MinimumVisualStudioVersion = 10.0.40219.1
Project("{FAE04EC0-301F-11D3-BF4B-00C04F79EFBC}") = "netcentric", "netcentric.csproj", "{D07E3CB2-6DC3-40CB-87D4-6D240C506E91}"
EndProject
Global
	GlobalSection(SolutionConfigurationPlatforms) = preSolution
		Debug|Any CPU = Debug|Any CPU
		Release|Any CPU = Release|Any CPU
	EndGlobalSection
	GlobalSection(ProjectConfigurationPlatforms) = postSolution
		{D07E3CB2-6DC3-40CB-87D4-6D240C506E91}.Debug|Any CPU.ActiveCfg = Debug|Any CPU
		{D07E3CB2-6DC3-40CB-87D4-6D240C506E91}.Debug|Any CPU.Build.0 = Debug|Any CPU
		{D07E3CB2-6DC3-40CB-87D4-6D240C506E91}.Release|Any CPU.ActiveCfg = Release|Any CPU
		{D07E3CB2-6DC3-40CB-87D4-6D240C506E91}.Release|Any CPU.Build.0 = Release|Any CPU
	EndGlobalSection
	GlobalSection(SolutionProperties) = preSolution
		HideSolutionNode = FALSE
	EndGlobalSection
EndGlobal
